// !$*UTF8*$!
{
	archiveVersion = 1;
	classes = {
	};
	objectVersion = 46;
	objects = {

/* Begin PBXBuildFile section */
		341B5EE31C56D9A500B4A61E /* TTelescope.cpp in Sources */ = {isa = PBXBuildFile; fileRef = 341B5EE11C56D9A500B4A61E /* TTelescope.cpp */; };
		341B5EE61C56D9B800B4A61E /* TShower.cpp in Sources */ = {isa = PBXBuildFile; fileRef = 341B5EE41C56D9B800B4A61E /* TShower.cpp */; };
		34A093A61C4D8D430046A6E0 /* TRay.cpp in Sources */ = {isa = PBXBuildFile; fileRef = 34A093A41C4D8D430046A6E0 /* TRay.cpp */; settings = {COMPILER_FLAGS = "-v"; }; };
		34CB1D791C4DEDA700EBEF85 /* TPlane3.cpp in Sources */ = {isa = PBXBuildFile; fileRef = 34CB1D771C4DEDA700EBEF85 /* TPlane3.cpp */; settings = {COMPILER_FLAGS = "-v"; }; };
		34D976211C4CAC6E0040C7F6 /* Main.cpp in Sources */ = {isa = PBXBuildFile; fileRef = 34D976201C4CAC6E0040C7F6 /* Main.cpp */; settings = {COMPILER_FLAGS = "-v"; }; };
/* End PBXBuildFile section */

/* Begin PBXCopyFilesBuildPhase section */
		34D9761B1C4CAC6E0040C7F6 /* CopyFiles */ = {
			isa = PBXCopyFilesBuildPhase;
			buildActionMask = 2147483647;
			dstPath = /usr/share/man/man1/;
			dstSubfolderSpec = 0;
			files = (
			);
			runOnlyForDeploymentPostprocessing = 1;
		};
/* End PBXCopyFilesBuildPhase section */

/* Begin PBXFileReference section */
		341B5EE11C56D9A500B4A61E /* TTelescope.cpp */ = {isa = PBXFileReference; fileEncoding = 4; lastKnownFileType = sourcecode.cpp.cpp; path = TTelescope.cpp; sourceTree = "<group>"; };
		341B5EE21C56D9A500B4A61E /* TTelescope.h */ = {isa = PBXFileReference; fileEncoding = 4; lastKnownFileType = sourcecode.c.h; path = TTelescope.h; sourceTree = "<group>"; };
		341B5EE41C56D9B800B4A61E /* TShower.cpp */ = {isa = PBXFileReference; fileEncoding = 4; lastKnownFileType = sourcecode.cpp.cpp; path = TShower.cpp; sourceTree = "<group>"; };
		341B5EE51C56D9B800B4A61E /* TShower.h */ = {isa = PBXFileReference; fileEncoding = 4; lastKnownFileType = sourcecode.c.h; path = TShower.h; sourceTree = "<group>"; };
		34A093A41C4D8D430046A6E0 /* TRay.cpp */ = {isa = PBXFileReference; fileEncoding = 4; lastKnownFileType = sourcecode.cpp.cpp; path = TRay.cpp; sourceTree = "<group>"; };
		34CB1D751C4DDD6200EBEF85 /* TRay.h */ = {isa = PBXFileReference; lastKnownFileType = sourcecode.c.h; path = TRay.h; sourceTree = "<group>"; };
		34CB1D771C4DEDA700EBEF85 /* TPlane3.cpp */ = {isa = PBXFileReference; fileEncoding = 4; lastKnownFileType = sourcecode.cpp.cpp; path = TPlane3.cpp; sourceTree = "<group>"; };
		34CB1D781C4DEDA700EBEF85 /* TPlane3.h */ = {isa = PBXFileReference; fileEncoding = 4; lastKnownFileType = sourcecode.c.h; path = TPlane3.h; sourceTree = "<group>"; };
		34D9761D1C4CAC6E0040C7F6 /* RayTracing */ = {isa = PBXFileReference; explicitFileType = "compiled.mach-o.executable"; includeInIndex = 0; path = RayTracing; sourceTree = BUILT_PRODUCTS_DIR; };
		34D976201C4CAC6E0040C7F6 /* Main.cpp */ = {isa = PBXFileReference; lastKnownFileType = sourcecode.cpp.cpp; path = Main.cpp; sourceTree = "<group>"; };
/* End PBXFileReference section */

/* Begin PBXFrameworksBuildPhase section */
		34D9761A1C4CAC6E0040C7F6 /* Frameworks */ = {
			isa = PBXFrameworksBuildPhase;
			buildActionMask = 2147483647;
			files = (
			);
			runOnlyForDeploymentPostprocessing = 0;
		};
/* End PBXFrameworksBuildPhase section */

/* Begin PBXGroup section */
		34D976141C4CAC6E0040C7F6 = {
			isa = PBXGroup;
			children = (
				34D9761F1C4CAC6E0040C7F6 /* RayTracing */,
				34D9761E1C4CAC6E0040C7F6 /* Products */,
			);
			sourceTree = "<group>";
		};
		34D9761E1C4CAC6E0040C7F6 /* Products */ = {
			isa = PBXGroup;
			children = (
				34D9761D1C4CAC6E0040C7F6 /* RayTracing */,
			);
			name = Products;
			sourceTree = "<group>";
		};
		34D9761F1C4CAC6E0040C7F6 /* RayTracing */ = {
			isa = PBXGroup;
			children = (
				34D976201C4CAC6E0040C7F6 /* Main.cpp */,
				34CB1D751C4DDD6200EBEF85 /* TRay.h */,
				34A093A41C4D8D430046A6E0 /* TRay.cpp */,
				34CB1D781C4DEDA700EBEF85 /* TPlane3.h */,
				34CB1D771C4DEDA700EBEF85 /* TPlane3.cpp */,
				341B5EE11C56D9A500B4A61E /* TTelescope.cpp */,
				341B5EE21C56D9A500B4A61E /* TTelescope.h */,
				341B5EE41C56D9B800B4A61E /* TShower.cpp */,
				341B5EE51C56D9B800B4A61E /* TShower.h */,
			);
			path = RayTracing;
			sourceTree = "<group>";
		};
/* End PBXGroup section */

/* Begin PBXNativeTarget section */
		34D9761C1C4CAC6E0040C7F6 /* RayTracing */ = {
			isa = PBXNativeTarget;
			buildConfigurationList = 34D976241C4CAC6E0040C7F6 /* Build configuration list for PBXNativeTarget "RayTracing" */;
			buildPhases = (
				34D976191C4CAC6E0040C7F6 /* Sources */,
				34D9761A1C4CAC6E0040C7F6 /* Frameworks */,
				34D9761B1C4CAC6E0040C7F6 /* CopyFiles */,
			);
			buildRules = (
			);
			dependencies = (
			);
			name = RayTracing;
			productName = RayTracing;
			productReference = 34D9761D1C4CAC6E0040C7F6 /* RayTracing */;
			productType = "com.apple.product-type.tool";
		};
/* End PBXNativeTarget section */

/* Begin PBXProject section */
		34D976151C4CAC6E0040C7F6 /* Project object */ = {
			isa = PBXProject;
			attributes = {
				LastUpgradeCheck = 0720;
				ORGANIZATIONNAME = "Matthew Dutson";
				TargetAttributes = {
					34D9761C1C4CAC6E0040C7F6 = {
						CreatedOnToolsVersion = 7.2;
					};
				};
			};
			buildConfigurationList = 34D976181C4CAC6E0040C7F6 /* Build configuration list for PBXProject "RayTracing" */;
			compatibilityVersion = "Xcode 3.2";
			developmentRegion = English;
			hasScannedForEncodings = 0;
			knownRegions = (
				en,
			);
			mainGroup = 34D976141C4CAC6E0040C7F6;
			productRefGroup = 34D9761E1C4CAC6E0040C7F6 /* Products */;
			projectDirPath = "";
			projectRoot = "";
			targets = (
				34D9761C1C4CAC6E0040C7F6 /* RayTracing */,
			);
		};
/* End PBXProject section */

/* Begin PBXSourcesBuildPhase section */
		34D976191C4CAC6E0040C7F6 /* Sources */ = {
			isa = PBXSourcesBuildPhase;
			buildActionMask = 2147483647;
			files = (
				34A093A61C4D8D430046A6E0 /* TRay.cpp in Sources */,
				34D976211C4CAC6E0040C7F6 /* Main.cpp in Sources */,
				34CB1D791C4DEDA700EBEF85 /* TPlane3.cpp in Sources */,
				341B5EE31C56D9A500B4A61E /* TTelescope.cpp in Sources */,
				341B5EE61C56D9B800B4A61E /* TShower.cpp in Sources */,
			);
			runOnlyForDeploymentPostprocessing = 0;
		};
/* End PBXSourcesBuildPhase section */

/* Begin XCBuildConfiguration section */
		34D976221C4CAC6E0040C7F6 /* Debug */ = {
			isa = XCBuildConfiguration;
			buildSettings = {
				ALWAYS_SEARCH_USER_PATHS = NO;
				CLANG_CXX_LANGUAGE_STANDARD = "gnu++0x";
				CLANG_CXX_LIBRARY = "libc++";
				CLANG_ENABLE_MODULES = YES;
				CLANG_ENABLE_OBJC_ARC = YES;
				CLANG_WARN_BOOL_CONVERSION = YES;
				CLANG_WARN_CONSTANT_CONVERSION = YES;
				CLANG_WARN_DIRECT_OBJC_ISA_USAGE = YES_ERROR;
				CLANG_WARN_EMPTY_BODY = YES;
				CLANG_WARN_ENUM_CONVERSION = YES;
				CLANG_WARN_INT_CONVERSION = YES;
				CLANG_WARN_OBJC_ROOT_CLASS = YES_ERROR;
				CLANG_WARN_UNREACHABLE_CODE = YES;
				CLANG_WARN__DUPLICATE_METHOD_MATCH = YES;
				CODE_SIGN_IDENTITY = "-";
				COPY_PHASE_STRIP = NO;
				DEBUG_INFORMATION_FORMAT = dwarf;
				ENABLE_STRICT_OBJC_MSGSEND = YES;
				ENABLE_TESTABILITY = YES;
				GCC_C_LANGUAGE_STANDARD = gnu99;
				GCC_DYNAMIC_NO_PIC = NO;
				GCC_NO_COMMON_BLOCKS = YES;
				GCC_OPTIMIZATION_LEVEL = 0;
				GCC_PREPROCESSOR_DEFINITIONS = (
					"DEBUG=1",
					"$(inherited)",
				);
				GCC_WARN_64_TO_32_BIT_CONVERSION = YES;
				GCC_WARN_ABOUT_RETURN_TYPE = YES_ERROR;
				GCC_WARN_UNDECLARED_SELECTOR = YES;
				GCC_WARN_UNINITIALIZED_AUTOS = YES_AGGRESSIVE;
				GCC_WARN_UNUSED_FUNCTION = YES;
				GCC_WARN_UNUSED_VARIABLE = YES;
				MACOSX_DEPLOYMENT_TARGET = 10.11;
				MTL_ENABLE_DEBUG_INFO = YES;
				ONLY_ACTIVE_ARCH = YES;
				SDKROOT = macosx;
			};
			name = Debug;
		};
		34D976231C4CAC6E0040C7F6 /* Release */ = {
			isa = XCBuildConfiguration;
			buildSettings = {
				ALWAYS_SEARCH_USER_PATHS = NO;
				CLANG_CXX_LANGUAGE_STANDARD = "gnu++0x";
				CLANG_CXX_LIBRARY = "libc++";
				CLANG_ENABLE_MODULES = YES;
				CLANG_ENABLE_OBJC_ARC = YES;
				CLANG_WARN_BOOL_CONVERSION = YES;
				CLANG_WARN_CONSTANT_CONVERSION = YES;
				CLANG_WARN_DIRECT_OBJC_ISA_USAGE = YES_ERROR;
				CLANG_WARN_EMPTY_BODY = YES;
				CLANG_WARN_ENUM_CONVERSION = YES;
				CLANG_WARN_INT_CONVERSION = YES;
				CLANG_WARN_OBJC_ROOT_CLASS = YES_ERROR;
				CLANG_WARN_UNREACHABLE_CODE = YES;
				CLANG_WARN__DUPLICATE_METHOD_MATCH = YES;
				CODE_SIGN_IDENTITY = "-";
				COPY_PHASE_STRIP = NO;
				DEBUG_INFORMATION_FORMAT = "dwarf-with-dsym";
				ENABLE_NS_ASSERTIONS = NO;
				ENABLE_STRICT_OBJC_MSGSEND = YES;
				GCC_C_LANGUAGE_STANDARD = gnu99;
				GCC_NO_COMMON_BLOCKS = YES;
				GCC_WARN_64_TO_32_BIT_CONVERSION = YES;
				GCC_WARN_ABOUT_RETURN_TYPE = YES_ERROR;
				GCC_WARN_UNDECLARED_SELECTOR = YES;
				GCC_WARN_UNINITIALIZED_AUTOS = YES_AGGRESSIVE;
				GCC_WARN_UNUSED_FUNCTION = YES;
				GCC_WARN_UNUSED_VARIABLE = YES;
				MACOSX_DEPLOYMENT_TARGET = 10.11;
				MTL_ENABLE_DEBUG_INFO = NO;
				SDKROOT = macosx;
			};
			name = Release;
		};
		34D976251C4CAC6E0040C7F6 /* Debug */ = {
			isa = XCBuildConfiguration;
			buildSettings = {
				ARCHS = "$(ARCHS_STANDARD)";
				HEADER_SEARCH_PATHS = /usr/local/Cellar/root/5.34.34/include/root;
				LIBRARY_SEARCH_PATHS = /usr/local/Cellar/root/5.34.34/lib/root;
				OTHER_CPLUSPLUSFLAGS = (
					"$(OTHER_CFLAGS)",
					"-pthread",
					"-stdlib=libc++",
					"-m64",
					"-I/usr/local/Cellar/root/5.34.34/include/root",
				);
				OTHER_LDFLAGS = (
					"-L/usr/local/Cellar/root/5.34.34/lib/root",
					"-lCore",
					"-lCint",
					"-lRIO",
					"-lNet",
					"-lHist",
					"-lGraf",
					"-lGraf3d",
					"-lGpad",
					"-lTree",
					"-lRint",
					"-lPostscript",
					"-lMatrix",
					"-lPhysics",
					"-lMathCore",
					"-lThread",
					"-lpthread",
					"-stdlib=libc++",
					"-lm",
					"-ldl",
				);
				PRODUCT_NAME = "$(TARGET_NAME)";
			};
			name = Debug;
		};
		34D976261C4CAC6E0040C7F6 /* Release */ = {
			isa = XCBuildConfiguration;
			buildSettings = {
				ARCHS = "$(ARCHS_STANDARD)";
				HEADER_SEARCH_PATHS = /usr/local/Cellar/root/5.34.34/include/root;
				LIBRARY_SEARCH_PATHS = /usr/local/Cellar/root/5.34.34/lib/root;
				OTHER_CPLUSPLUSFLAGS = (
					"$(OTHER_CFLAGS)",
					"-pthread",
					"-stdlib=libc++",
					"-m64",
					"-I/usr/local/Cellar/root/5.34.34/include/root",
				);
				OTHER_LDFLAGS = (
					"-L/usr/local/Cellar/root/5.34.34/lib/root",
					"-lCore",
					"-lCint",
					"-lRIO",
					"-lNet",
					"-lHist",
					"-lGraf",
					"-lGraf3d",
					"-lGpad",
					"-lTree",
					"-lRint",
					"-lPostscript",
					"-lMatrix",
					"-lPhysics",
					"-lMathCore",
					"-lThread",
					"-lpthread",
					"-stdlib=libc++",
					"-lm",
					"-ldl",
				);
				PRODUCT_NAME = "$(TARGET_NAME)";
			};
			name = Release;
		};
/* End XCBuildConfiguration section */

/* Begin XCConfigurationList section */
		34D976181C4CAC6E0040C7F6 /* Build configuration list for PBXProject "RayTracing" */ = {
			isa = XCConfigurationList;
			buildConfigurations = (
				34D976221C4CAC6E0040C7F6 /* Debug */,
				34D976231C4CAC6E0040C7F6 /* Release */,
			);
			defaultConfigurationIsVisible = 0;
			defaultConfigurationName = Release;
		};
		34D976241C4CAC6E0040C7F6 /* Build configuration list for PBXNativeTarget "RayTracing" */ = {
			isa = XCConfigurationList;
			buildConfigurations = (
				34D976251C4CAC6E0040C7F6 /* Debug */,
				34D976261C4CAC6E0040C7F6 /* Release */,
			);
			defaultConfigurationIsVisible = 0;
			defaultConfigurationName = Release;
		};
/* End XCConfigurationList section */
	};
	rootObject = 34D976151C4CAC6E0040C7F6 /* Project object */;
}
