// !$*UTF8*$!
{
	archiveVersion = 1;
	classes = {
	};
	objectVersion = 46;
	objects = {

/* Begin PBXBuildFile section */
		341B5EE31C56D9A500B4A61E /* TTelescopeOld.cpp in Sources */ = {isa = PBXBuildFile; fileRef = 341B5EE11C56D9A500B4A61E /* TTelescopeOld.cpp */; };
		3436E11D1C83F1AD00E938FB /* TShower.cpp in Sources */ = {isa = PBXBuildFile; fileRef = 3436E11B1C83F1AD00E938FB /* TShower.cpp */; };
		3463D06C1C86938A00AED492 /* TConstantIntensity.cpp in Sources */ = {isa = PBXBuildFile; fileRef = 3463D06A1C86938A00AED492 /* TConstantIntensity.cpp */; };
		3463D06F1C86BA8C00AED492 /* TRawData.cpp in Sources */ = {isa = PBXBuildFile; fileRef = 3463D06D1C86BA8C00AED492 /* TRawData.cpp */; };
		349851FC1C7D559800D3C9DD /* TDetectorOld.cpp in Sources */ = {isa = PBXBuildFile; fileRef = 349851FA1C7D559800D3C9DD /* TDetectorOld.cpp */; };
		349CE1461C94B4730006F705 /* TMirrorOld.cpp in Sources */ = {isa = PBXBuildFile; fileRef = 349CE1441C94B4730006F705 /* TMirrorOld.cpp */; };
		34A093A61C4D8D430046A6E0 /* TRay.cpp in Sources */ = {isa = PBXBuildFile; fileRef = 34A093A41C4D8D430046A6E0 /* TRay.cpp */; };
		34BAC6BB1C6950B400E360D5 /* TAnalysis.cpp in Sources */ = {isa = PBXBuildFile; fileRef = 34BAC6B91C6950B400E360D5 /* TAnalysis.cpp */; };
		34C1A23B1C8FA8E7004FEDF1 /* TSegmentedData.cpp in Sources */ = {isa = PBXBuildFile; fileRef = 34C1A2391C8FA8E7004FEDF1 /* TSegmentedData.cpp */; };
		34CB1D791C4DEDA700EBEF85 /* TPlane3.cpp in Sources */ = {isa = PBXBuildFile; fileRef = 34CB1D771C4DEDA700EBEF85 /* TPlane3.cpp */; };
		34D976211C4CAC6E0040C7F6 /* Main.cpp in Sources */ = {isa = PBXBuildFile; fileRef = 34D976201C4CAC6E0040C7F6 /* Main.cpp */; };
		34F25B8A1C97A74000680BE3 /* TObservatory.cpp in Sources */ = {isa = PBXBuildFile; fileRef = 34F25B881C97A74000680BE3 /* TObservatory.cpp */; };
		34F25B8D1C97A77600680BE3 /* TMirror.cpp in Sources */ = {isa = PBXBuildFile; fileRef = 34F25B8B1C97A77600680BE3 /* TMirror.cpp */; };
		34F25B901C97A78100680BE3 /* TCamera.cpp in Sources */ = {isa = PBXBuildFile; fileRef = 34F25B8E1C97A78100680BE3 /* TCamera.cpp */; };
		34F25B931C97A78E00680BE3 /* TCoordinates.cpp in Sources */ = {isa = PBXBuildFile; fileRef = 34F25B911C97A78E00680BE3 /* TCoordinates.cpp */; };
		34F25B961C97A79B00680BE3 /* TSurroundings.cpp in Sources */ = {isa = PBXBuildFile; fileRef = 34F25B941C97A79B00680BE3 /* TSurroundings.cpp */; };
/* End PBXBuildFile section */

/* Begin PBXCopyFilesBuildPhase section */
		34D9761B1C4CAC6E0040C7F6 /* CopyFiles */ = {
			isa = PBXCopyFilesBuildPhase;
			buildActionMask = 2147483647;
			dstPath = /usr/share/man/man1/;
			dstSubfolderSpec = 0;
			files = (
			);
			runOnlyForDeploymentPostprocessing = 1;
		};
/* End PBXCopyFilesBuildPhase section */

/* Begin PBXFileReference section */
		341B5EE11C56D9A500B4A61E /* TTelescopeOld.cpp */ = {isa = PBXFileReference; fileEncoding = 4; lastKnownFileType = sourcecode.cpp.cpp; path = TTelescopeOld.cpp; sourceTree = "<group>"; };
		341B5EE21C56D9A500B4A61E /* TTelescopeOld.h */ = {isa = PBXFileReference; fileEncoding = 4; lastKnownFileType = sourcecode.c.h; path = TTelescopeOld.h; sourceTree = "<group>"; };
		3436E11B1C83F1AD00E938FB /* TShower.cpp */ = {isa = PBXFileReference; fileEncoding = 4; lastKnownFileType = sourcecode.cpp.cpp; path = TShower.cpp; sourceTree = "<group>"; };
		3436E11C1C83F1AD00E938FB /* TShower.h */ = {isa = PBXFileReference; fileEncoding = 4; lastKnownFileType = sourcecode.c.h; path = TShower.h; sourceTree = "<group>"; };
		3436E11F1C83F36100E938FB /* T3DScalarFunction.h */ = {isa = PBXFileReference; fileEncoding = 4; lastKnownFileType = sourcecode.c.h; path = T3DScalarFunction.h; sourceTree = "<group>"; };
		3463D06A1C86938A00AED492 /* TConstantIntensity.cpp */ = {isa = PBXFileReference; fileEncoding = 4; lastKnownFileType = sourcecode.cpp.cpp; path = TConstantIntensity.cpp; sourceTree = "<group>"; };
		3463D06B1C86938A00AED492 /* TConstantIntensity.h */ = {isa = PBXFileReference; fileEncoding = 4; lastKnownFileType = sourcecode.c.h; path = TConstantIntensity.h; sourceTree = "<group>"; };
		3463D06D1C86BA8C00AED492 /* TRawData.cpp */ = {isa = PBXFileReference; fileEncoding = 4; lastKnownFileType = sourcecode.cpp.cpp; path = TRawData.cpp; sourceTree = "<group>"; };
		3463D06E1C86BA8C00AED492 /* TRawData.h */ = {isa = PBXFileReference; fileEncoding = 4; lastKnownFileType = sourcecode.c.h; path = TRawData.h; sourceTree = "<group>"; };
		349851FA1C7D559800D3C9DD /* TDetectorOld.cpp */ = {isa = PBXFileReference; fileEncoding = 4; lastKnownFileType = sourcecode.cpp.cpp; path = TDetectorOld.cpp; sourceTree = "<group>"; };
		349851FB1C7D559800D3C9DD /* TDetectorOld.h */ = {isa = PBXFileReference; fileEncoding = 4; lastKnownFileType = sourcecode.c.h; path = TDetectorOld.h; sourceTree = "<group>"; };
		349CE1441C94B4730006F705 /* TMirrorOld.cpp */ = {isa = PBXFileReference; fileEncoding = 4; lastKnownFileType = sourcecode.cpp.cpp; path = TMirrorOld.cpp; sourceTree = "<group>"; };
		349CE1451C94B4730006F705 /* TMirrorOld.h */ = {isa = PBXFileReference; fileEncoding = 4; lastKnownFileType = sourcecode.c.h; path = TMirrorOld.h; sourceTree = "<group>"; };
		34A093A41C4D8D430046A6E0 /* TRay.cpp */ = {isa = PBXFileReference; fileEncoding = 4; lastKnownFileType = sourcecode.cpp.cpp; path = TRay.cpp; sourceTree = "<group>"; };
		34BAC6B91C6950B400E360D5 /* TAnalysis.cpp */ = {isa = PBXFileReference; fileEncoding = 4; lastKnownFileType = sourcecode.cpp.cpp; path = TAnalysis.cpp; sourceTree = "<group>"; };
		34BAC6BA1C6950B400E360D5 /* TAnalysis.h */ = {isa = PBXFileReference; fileEncoding = 4; lastKnownFileType = sourcecode.c.h; path = TAnalysis.h; sourceTree = "<group>"; };
		34C1A2391C8FA8E7004FEDF1 /* TSegmentedData.cpp */ = {isa = PBXFileReference; fileEncoding = 4; lastKnownFileType = sourcecode.cpp.cpp; path = TSegmentedData.cpp; sourceTree = "<group>"; };
		34C1A23A1C8FA8E7004FEDF1 /* TSegmentedData.h */ = {isa = PBXFileReference; fileEncoding = 4; lastKnownFileType = sourcecode.c.h; path = TSegmentedData.h; sourceTree = "<group>"; };
		34CB1D751C4DDD6200EBEF85 /* TRay.cpp */ = {isa = PBXFileReference; lastKnownFileType = sourcecode.cpp.cpp; path = TRay.cpp; sourceTree = "<group>"; };
		34CB1D771C4DEDA700EBEF85 /* TPlane3.cpp */ = {isa = PBXFileReference; fileEncoding = 4; lastKnownFileType = sourcecode.cpp.cpp; path = TPlane3.cpp; sourceTree = "<group>"; };
		34CB1D781C4DEDA700EBEF85 /* TPlane3.h */ = {isa = PBXFileReference; fileEncoding = 4; lastKnownFileType = sourcecode.c.h; path = TPlane3.h; sourceTree = "<group>"; };
		34D9761D1C4CAC6E0040C7F6 /* CherenkovSimulator */ = {isa = PBXFileReference; explicitFileType = "compiled.mach-o.executable"; includeInIndex = 0; path = CherenkovSimulator; sourceTree = BUILT_PRODUCTS_DIR; };
		34D976201C4CAC6E0040C7F6 /* Main.cpp */ = {isa = PBXFileReference; lastKnownFileType = sourcecode.cpp.cpp; path = Main.cpp; sourceTree = "<group>"; };
		34F25B881C97A74000680BE3 /* TObservatory.cpp */ = {isa = PBXFileReference; fileEncoding = 4; lastKnownFileType = sourcecode.cpp.cpp; path = TObservatory.cpp; sourceTree = "<group>"; };
		34F25B891C97A74000680BE3 /* TObservatory.h */ = {isa = PBXFileReference; fileEncoding = 4; lastKnownFileType = sourcecode.c.h; path = TObservatory.h; sourceTree = "<group>"; };
		34F25B8B1C97A77600680BE3 /* TMirror.cpp */ = {isa = PBXFileReference; fileEncoding = 4; lastKnownFileType = sourcecode.cpp.cpp; path = TMirror.cpp; sourceTree = "<group>"; };
		34F25B8C1C97A77600680BE3 /* TMirror.h */ = {isa = PBXFileReference; fileEncoding = 4; lastKnownFileType = sourcecode.c.h; path = TMirror.h; sourceTree = "<group>"; };
		34F25B8E1C97A78100680BE3 /* TCamera.cpp */ = {isa = PBXFileReference; fileEncoding = 4; lastKnownFileType = sourcecode.cpp.cpp; path = TCamera.cpp; sourceTree = "<group>"; };
		34F25B8F1C97A78100680BE3 /* TCamera.h */ = {isa = PBXFileReference; fileEncoding = 4; lastKnownFileType = sourcecode.c.h; path = TCamera.h; sourceTree = "<group>"; };
		34F25B911C97A78E00680BE3 /* TCoordinates.cpp */ = {isa = PBXFileReference; fileEncoding = 4; lastKnownFileType = sourcecode.cpp.cpp; path = TCoordinates.cpp; sourceTree = "<group>"; };
		34F25B921C97A78E00680BE3 /* TCoordinates.h */ = {isa = PBXFileReference; fileEncoding = 4; lastKnownFileType = sourcecode.c.h; path = TCoordinates.h; sourceTree = "<group>"; };
		34F25B941C97A79B00680BE3 /* TSurroundings.cpp */ = {isa = PBXFileReference; fileEncoding = 4; lastKnownFileType = sourcecode.cpp.cpp; path = TSurroundings.cpp; sourceTree = "<group>"; };
		34F25B951C97A79B00680BE3 /* TSurroundings.h */ = {isa = PBXFileReference; fileEncoding = 4; lastKnownFileType = sourcecode.c.h; path = TSurroundings.h; sourceTree = "<group>"; };
/* End PBXFileReference section */

/* Begin PBXFrameworksBuildPhase section */
		34D9761A1C4CAC6E0040C7F6 /* Frameworks */ = {
			isa = PBXFrameworksBuildPhase;
			buildActionMask = 2147483647;
			files = (
			);
			runOnlyForDeploymentPostprocessing = 0;
		};
/* End PBXFrameworksBuildPhase section */

/* Begin PBXGroup section */
		349CE13F1C94B31A0006F705 /* DataContainers */ = {
			isa = PBXGroup;
			children = (
				3463D06E1C86BA8C00AED492 /* TRawData.h */,
				3463D06D1C86BA8C00AED492 /* TRawData.cpp */,
				34C1A23A1C8FA8E7004FEDF1 /* TSegmentedData.h */,
				34C1A2391C8FA8E7004FEDF1 /* TSegmentedData.cpp */,
			);
			name = DataContainers;
			sourceTree = "<group>";
		};
		349CE1401C94B3640006F705 /* Functors */ = {
			isa = PBXGroup;
			children = (
				3436E11F1C83F36100E938FB /* T3DScalarFunction.h */,
				3463D06B1C86938A00AED492 /* TConstantIntensity.h */,
				3463D06A1C86938A00AED492 /* TConstantIntensity.cpp */,
			);
			name = Functors;
			sourceTree = "<group>";
		};
		349CE1411C94B3780006F705 /* OldDetector */ = {
			isa = PBXGroup;
			children = (
				349851FB1C7D559800D3C9DD /* TDetectorOld.h */,
				349851FA1C7D559800D3C9DD /* TDetectorOld.cpp */,
				341B5EE21C56D9A500B4A61E /* TTelescopeOld.h */,
				341B5EE11C56D9A500B4A61E /* TTelescopeOld.cpp */,
				349CE1451C94B4730006F705 /* TMirrorOld.h */,
				349CE1441C94B4730006F705 /* TMirrorOld.cpp */,
			);
			name = OldDetector;
			sourceTree = "<group>";
		};
		349CE1421C94B3980006F705 /* Rays */ = {
			isa = PBXGroup;
			children = (
				34CB1D751C4DDD6200EBEF85 /* TRay.cpp */,
				34A093A41C4D8D430046A6E0 /* TRay.cpp */,
				3436E11C1C83F1AD00E938FB /* TShower.h */,
				3436E11B1C83F1AD00E938FB /* TShower.cpp */,
			);
			name = Rays;
			sourceTree = "<group>";
		};
		349CE1431C94B3D80006F705 /* Miscellaneous */ = {
			isa = PBXGroup;
			children = (
				34BAC6BA1C6950B400E360D5 /* TAnalysis.h */,
				34BAC6B91C6950B400E360D5 /* TAnalysis.cpp */,
				34CB1D781C4DEDA700EBEF85 /* TPlane3.h */,
				34CB1D771C4DEDA700EBEF85 /* TPlane3.cpp */,
			);
			name = Miscellaneous;
			sourceTree = "<group>";
		};
		34D976141C4CAC6E0040C7F6 = {
			isa = PBXGroup;
			children = (
				34D9761F1C4CAC6E0040C7F6 /* CherenkovSimulator */,
				34D9761E1C4CAC6E0040C7F6 /* Products */,
			);
			sourceTree = "<group>";
		};
		34D9761E1C4CAC6E0040C7F6 /* Products */ = {
			isa = PBXGroup;
			children = (
				34D9761D1C4CAC6E0040C7F6 /* CherenkovSimulator */,
			);
			name = Products;
			sourceTree = "<group>";
		};
		34D9761F1C4CAC6E0040C7F6 /* CherenkovSimulator */ = {
			isa = PBXGroup;
			children = (
				34D976201C4CAC6E0040C7F6 /* Main.cpp */,
				34F25B871C97A72800680BE3 /* NewDetector */,
				349CE1411C94B3780006F705 /* OldDetector */,
				349CE1421C94B3980006F705 /* Rays */,
				349CE13F1C94B31A0006F705 /* DataContainers */,
				349CE1401C94B3640006F705 /* Functors */,
				349CE1431C94B3D80006F705 /* Miscellaneous */,
			);
			path = CherenkovSimulator;
			sourceTree = "<group>";
		};
		34F25B871C97A72800680BE3 /* NewDetector */ = {
			isa = PBXGroup;
			children = (
				34F25B891C97A74000680BE3 /* TObservatory.h */,
				34F25B881C97A74000680BE3 /* TObservatory.cpp */,
				34F25B8C1C97A77600680BE3 /* TMirror.h */,
				34F25B8B1C97A77600680BE3 /* TMirror.cpp */,
				34F25B8F1C97A78100680BE3 /* TCamera.h */,
				34F25B8E1C97A78100680BE3 /* TCamera.cpp */,
				34F25B921C97A78E00680BE3 /* TCoordinates.h */,
				34F25B911C97A78E00680BE3 /* TCoordinates.cpp */,
				34F25B951C97A79B00680BE3 /* TSurroundings.h */,
				34F25B941C97A79B00680BE3 /* TSurroundings.cpp */,
			);
			name = NewDetector;
			sourceTree = "<group>";
		};
/* End PBXGroup section */

/* Begin PBXNativeTarget section */
		34D9761C1C4CAC6E0040C7F6 /* CherenkovSimulator */ = {
			isa = PBXNativeTarget;
			buildConfigurationList = 34D976241C4CAC6E0040C7F6 /* Build configuration list for PBXNativeTarget "CherenkovSimulator" */;
			buildPhases = (
				34D976191C4CAC6E0040C7F6 /* Sources */,
				34D9761A1C4CAC6E0040C7F6 /* Frameworks */,
				34D9761B1C4CAC6E0040C7F6 /* CopyFiles */,
			);
			buildRules = (
			);
			dependencies = (
			);
			name = CherenkovSimulator;
			productName = RayTracing;
			productReference = 34D9761D1C4CAC6E0040C7F6 /* CherenkovSimulator */;
			productType = "com.apple.product-type.tool";
		};
/* End PBXNativeTarget section */

/* Begin PBXProject section */
		34D976151C4CAC6E0040C7F6 /* Project object */ = {
			isa = PBXProject;
			attributes = {
				LastUpgradeCheck = 0720;
				ORGANIZATIONNAME = "Matthew Dutson";
				TargetAttributes = {
					34D9761C1C4CAC6E0040C7F6 = {
						CreatedOnToolsVersion = 7.2;
					};
				};
			};
			buildConfigurationList = 34D976181C4CAC6E0040C7F6 /* Build configuration list for PBXProject "CherenkovSimulator" */;
			compatibilityVersion = "Xcode 3.2";
			developmentRegion = English;
			hasScannedForEncodings = 0;
			knownRegions = (
				en,
			);
			mainGroup = 34D976141C4CAC6E0040C7F6;
			productRefGroup = 34D9761E1C4CAC6E0040C7F6 /* Products */;
			projectDirPath = "";
			projectRoot = "";
			targets = (
				34D9761C1C4CAC6E0040C7F6 /* CherenkovSimulator */,
			);
		};
/* End PBXProject section */

/* Begin PBXSourcesBuildPhase section */
		34D976191C4CAC6E0040C7F6 /* Sources */ = {
			isa = PBXSourcesBuildPhase;
			buildActionMask = 2147483647;
			files = (
				34A093A61C4D8D430046A6E0 /* TRay.cpp in Sources */,
				34F25B901C97A78100680BE3 /* TCamera.cpp in Sources */,
				34F25B8A1C97A74000680BE3 /* TObservatory.cpp in Sources */,
				34BAC6BB1C6950B400E360D5 /* TAnalysis.cpp in Sources */,
				34D976211C4CAC6E0040C7F6 /* Main.cpp in Sources */,
				34F25B931C97A78E00680BE3 /* TCoordinates.cpp in Sources */,
				34F25B8D1C97A77600680BE3 /* TMirror.cpp in Sources */,
				349851FC1C7D559800D3C9DD /* TDetectorOld.cpp in Sources */,
				3463D06C1C86938A00AED492 /* TConstantIntensity.cpp in Sources */,
				34F25B961C97A79B00680BE3 /* TSurroundings.cpp in Sources */,
				34C1A23B1C8FA8E7004FEDF1 /* TSegmentedData.cpp in Sources */,
				3436E11D1C83F1AD00E938FB /* TShower.cpp in Sources */,
				34CB1D791C4DEDA700EBEF85 /* TPlane3.cpp in Sources */,
				349CE1461C94B4730006F705 /* TMirrorOld.cpp in Sources */,
				3463D06F1C86BA8C00AED492 /* TRawData.cpp in Sources */,
				341B5EE31C56D9A500B4A61E /* TTelescopeOld.cpp in Sources */,
			);
			runOnlyForDeploymentPostprocessing = 0;
		};
/* End PBXSourcesBuildPhase section */

/* Begin XCBuildConfiguration section */
		34D976221C4CAC6E0040C7F6 /* Debug */ = {
			isa = XCBuildConfiguration;
			buildSettings = {
				ALWAYS_SEARCH_USER_PATHS = NO;
				CLANG_CXX_LANGUAGE_STANDARD = "gnu++0x";
				CLANG_CXX_LIBRARY = "libc++";
				CLANG_ENABLE_MODULES = YES;
				CLANG_ENABLE_OBJC_ARC = YES;
				CLANG_WARN_BOOL_CONVERSION = YES;
				CLANG_WARN_CONSTANT_CONVERSION = YES;
				CLANG_WARN_DIRECT_OBJC_ISA_USAGE = YES_ERROR;
				CLANG_WARN_EMPTY_BODY = YES;
				CLANG_WARN_ENUM_CONVERSION = YES;
				CLANG_WARN_INT_CONVERSION = YES;
				CLANG_WARN_OBJC_ROOT_CLASS = YES_ERROR;
				CLANG_WARN_UNREACHABLE_CODE = YES;
				CLANG_WARN__DUPLICATE_METHOD_MATCH = YES;
				CODE_SIGN_IDENTITY = "-";
				COPY_PHASE_STRIP = NO;
				DEBUG_INFORMATION_FORMAT = dwarf;
				ENABLE_STRICT_OBJC_MSGSEND = YES;
				ENABLE_TESTABILITY = YES;
				GCC_C_LANGUAGE_STANDARD = gnu99;
				GCC_DYNAMIC_NO_PIC = NO;
				GCC_NO_COMMON_BLOCKS = YES;
				GCC_OPTIMIZATION_LEVEL = 0;
				GCC_PREPROCESSOR_DEFINITIONS = (
					"DEBUG=1",
					"$(inherited)",
				);
				GCC_WARN_64_TO_32_BIT_CONVERSION = YES;
				GCC_WARN_ABOUT_RETURN_TYPE = YES_ERROR;
				GCC_WARN_UNDECLARED_SELECTOR = YES;
				GCC_WARN_UNINITIALIZED_AUTOS = YES_AGGRESSIVE;
				GCC_WARN_UNUSED_FUNCTION = YES;
				GCC_WARN_UNUSED_VARIABLE = YES;
				MACOSX_DEPLOYMENT_TARGET = 10.11;
				MTL_ENABLE_DEBUG_INFO = YES;
				ONLY_ACTIVE_ARCH = YES;
				SDKROOT = macosx;
			};
			name = Debug;
		};
		34D976231C4CAC6E0040C7F6 /* Release */ = {
			isa = XCBuildConfiguration;
			buildSettings = {
				ALWAYS_SEARCH_USER_PATHS = NO;
				CLANG_CXX_LANGUAGE_STANDARD = "gnu++0x";
				CLANG_CXX_LIBRARY = "libc++";
				CLANG_ENABLE_MODULES = YES;
				CLANG_ENABLE_OBJC_ARC = YES;
				CLANG_WARN_BOOL_CONVERSION = YES;
				CLANG_WARN_CONSTANT_CONVERSION = YES;
				CLANG_WARN_DIRECT_OBJC_ISA_USAGE = YES_ERROR;
				CLANG_WARN_EMPTY_BODY = YES;
				CLANG_WARN_ENUM_CONVERSION = YES;
				CLANG_WARN_INT_CONVERSION = YES;
				CLANG_WARN_OBJC_ROOT_CLASS = YES_ERROR;
				CLANG_WARN_UNREACHABLE_CODE = YES;
				CLANG_WARN__DUPLICATE_METHOD_MATCH = YES;
				CODE_SIGN_IDENTITY = "-";
				COPY_PHASE_STRIP = NO;
				DEBUG_INFORMATION_FORMAT = "dwarf-with-dsym";
				ENABLE_NS_ASSERTIONS = NO;
				ENABLE_STRICT_OBJC_MSGSEND = YES;
				GCC_C_LANGUAGE_STANDARD = gnu99;
				GCC_NO_COMMON_BLOCKS = YES;
				GCC_WARN_64_TO_32_BIT_CONVERSION = YES;
				GCC_WARN_ABOUT_RETURN_TYPE = YES_ERROR;
				GCC_WARN_UNDECLARED_SELECTOR = YES;
				GCC_WARN_UNINITIALIZED_AUTOS = YES_AGGRESSIVE;
				GCC_WARN_UNUSED_FUNCTION = YES;
				GCC_WARN_UNUSED_VARIABLE = YES;
				MACOSX_DEPLOYMENT_TARGET = 10.11;
				MTL_ENABLE_DEBUG_INFO = NO;
				SDKROOT = macosx;
			};
			name = Release;
		};
		34D976251C4CAC6E0040C7F6 /* Debug */ = {
			isa = XCBuildConfiguration;
			buildSettings = {
				ARCHS = "$(ARCHS_STANDARD)";
				HEADER_SEARCH_PATHS = /usr/local/Cellar/root/5.34.34/include/root;
				LIBRARY_SEARCH_PATHS = /usr/local/Cellar/root/5.34.34/lib/root;
				OTHER_CPLUSPLUSFLAGS = (
					"$(OTHER_CFLAGS)",
					"-pthread",
					"-stdlib=libc++",
					"-m64",
					"-I/usr/local/Cellar/root/5.34.34/include/root",
				);
				OTHER_LDFLAGS = (
					"-L/usr/local/Cellar/root/5.34.34/lib/root",
					"-lCore",
					"-lCint",
					"-lRIO",
					"-lNet",
					"-lHist",
					"-lGraf",
					"-lGraf3d",
					"-lGpad",
					"-lTree",
					"-lRint",
					"-lPostscript",
					"-lMatrix",
					"-lPhysics",
					"-lMathCore",
					"-lThread",
					"-lpthread",
					"-stdlib=libc++",
					"-lm",
					"-ldl",
				);
				PRODUCT_NAME = CherenkovSimulator;
			};
			name = Debug;
		};
		34D976261C4CAC6E0040C7F6 /* Release */ = {
			isa = XCBuildConfiguration;
			buildSettings = {
				ARCHS = "$(ARCHS_STANDARD)";
				HEADER_SEARCH_PATHS = /usr/local/Cellar/root/5.34.34/include/root;
				LIBRARY_SEARCH_PATHS = /usr/local/Cellar/root/5.34.34/lib/root;
				OTHER_CPLUSPLUSFLAGS = (
					"$(OTHER_CFLAGS)",
					"-pthread",
					"-stdlib=libc++",
					"-m64",
					"-I/usr/local/Cellar/root/5.34.34/include/root",
				);
				OTHER_LDFLAGS = (
					"-L/usr/local/Cellar/root/5.34.34/lib/root",
					"-lCore",
					"-lCint",
					"-lRIO",
					"-lNet",
					"-lHist",
					"-lGraf",
					"-lGraf3d",
					"-lGpad",
					"-lTree",
					"-lRint",
					"-lPostscript",
					"-lMatrix",
					"-lPhysics",
					"-lMathCore",
					"-lThread",
					"-lpthread",
					"-stdlib=libc++",
					"-lm",
					"-ldl",
				);
				PRODUCT_NAME = CherenkovSimulator;
			};
			name = Release;
		};
/* End XCBuildConfiguration section */

/* Begin XCConfigurationList section */
		34D976181C4CAC6E0040C7F6 /* Build configuration list for PBXProject "CherenkovSimulator" */ = {
			isa = XCConfigurationList;
			buildConfigurations = (
				34D976221C4CAC6E0040C7F6 /* Debug */,
				34D976231C4CAC6E0040C7F6 /* Release */,
			);
			defaultConfigurationIsVisible = 0;
			defaultConfigurationName = Release;
		};
		34D976241C4CAC6E0040C7F6 /* Build configuration list for PBXNativeTarget "CherenkovSimulator" */ = {
			isa = XCConfigurationList;
			buildConfigurations = (
				34D976251C4CAC6E0040C7F6 /* Debug */,
				34D976261C4CAC6E0040C7F6 /* Release */,
			);
			defaultConfigurationIsVisible = 0;
			defaultConfigurationName = Release;
		};
/* End XCConfigurationList section */
	};
	rootObject = 34D976151C4CAC6E0040C7F6 /* Project object */;
}
