// !$*UTF8*$!
{
	archiveVersion = 1;
	classes = {
	};
	objectVersion = 46;
	objects = {

/* Begin PBXBuildFile section */
		342DD5F91CB4E8DB000184BC /* Main.cpp in Sources */ = {isa = PBXBuildFile; fileRef = 342DD5D71CB4E8DB000184BC /* Main.cpp */; };
		342DD5FA1CB4E8DB000184BC /* TAnalysis.cpp in Sources */ = {isa = PBXBuildFile; fileRef = 342DD5D91CB4E8DB000184BC /* TAnalysis.cpp */; };
		342DD5FC1CB4E8DB000184BC /* TCamera.cpp in Sources */ = {isa = PBXBuildFile; fileRef = 342DD5DD1CB4E8DB000184BC /* TCamera.cpp */; };
		342DD5FD1CB4E8DB000184BC /* TConstantIntensity.cpp in Sources */ = {isa = PBXBuildFile; fileRef = 342DD5DF1CB4E8DB000184BC /* TConstantIntensity.cpp */; };
		342DD5FE1CB4E8DB000184BC /* TCoordinates.cpp in Sources */ = {isa = PBXBuildFile; fileRef = 342DD5E11CB4E8DB000184BC /* TCoordinates.cpp */; };
		342DD5FF1CB4E8DB000184BC /* THistogramList.cpp in Sources */ = {isa = PBXBuildFile; fileRef = 342DD5E31CB4E8DB000184BC /* THistogramList.cpp */; };
		342DD6001CB4E8DB000184BC /* TMirror.cpp in Sources */ = {isa = PBXBuildFile; fileRef = 342DD5E51CB4E8DB000184BC /* TMirror.cpp */; };
		342DD6011CB4E8DB000184BC /* TObservatory.cpp in Sources */ = {isa = PBXBuildFile; fileRef = 342DD5E71CB4E8DB000184BC /* TObservatory.cpp */; };
		342DD6021CB4E8DB000184BC /* TPlane3.cpp in Sources */ = {isa = PBXBuildFile; fileRef = 342DD5E91CB4E8DB000184BC /* TPlane3.cpp */; };
		342DD6031CB4E8DB000184BC /* TRawData.cpp in Sources */ = {isa = PBXBuildFile; fileRef = 342DD5EB1CB4E8DB000184BC /* TRawData.cpp */; };
		342DD6041CB4E8DB000184BC /* TRay.cpp in Sources */ = {isa = PBXBuildFile; fileRef = 342DD5ED1CB4E8DB000184BC /* TRay.cpp */; };
		342DD6051CB4E8DB000184BC /* TResponseFunction.cpp in Sources */ = {isa = PBXBuildFile; fileRef = 342DD5EF1CB4E8DB000184BC /* TResponseFunction.cpp */; };
		342DD6061CB4E8DB000184BC /* TSegmentedData.cpp in Sources */ = {isa = PBXBuildFile; fileRef = 342DD5F11CB4E8DB000184BC /* TSegmentedData.cpp */; };
		342DD6071CB4E8DB000184BC /* TShower.cpp in Sources */ = {isa = PBXBuildFile; fileRef = 342DD5F31CB4E8DB000184BC /* TShower.cpp */; };
		342DD6081CB4E8DB000184BC /* TSurroundings.cpp in Sources */ = {isa = PBXBuildFile; fileRef = 342DD5F51CB4E8DB000184BC /* TSurroundings.cpp */; };
		342DD6091CB4E8DB000184BC /* TUtility.cpp in Sources */ = {isa = PBXBuildFile; fileRef = 342DD5F71CB4E8DB000184BC /* TUtility.cpp */; };
		3459838A1CBEACCF0001612D /* TPoissonDistribution.cpp in Sources */ = {isa = PBXBuildFile; fileRef = 345983881CBEACCF0001612D /* TPoissonDistribution.cpp */; };
		34F2EECD1CB60FDF0003A939 /* TPixelData.cpp in Sources */ = {isa = PBXBuildFile; fileRef = 34F2EECB1CB60FDF0003A939 /* TPixelData.cpp */; };
/* End PBXBuildFile section */

/* Begin PBXCopyFilesBuildPhase section */
		342DD5CB1CB4E814000184BC /* CopyFiles */ = {
			isa = PBXCopyFilesBuildPhase;
			buildActionMask = 2147483647;
			dstPath = /usr/share/man/man1/;
			dstSubfolderSpec = 0;
			files = (
			);
			runOnlyForDeploymentPostprocessing = 1;
		};
/* End PBXCopyFilesBuildPhase section */

/* Begin PBXFileReference section */
		342DD5CD1CB4E814000184BC /* CherenkovSimulator */ = {isa = PBXFileReference; explicitFileType = "compiled.mach-o.executable"; includeInIndex = 0; path = CherenkovSimulator; sourceTree = BUILT_PRODUCTS_DIR; };
		342DD5D71CB4E8DB000184BC /* Main.cpp */ = {isa = PBXFileReference; fileEncoding = 4; lastKnownFileType = sourcecode.cpp.cpp; path = Main.cpp; sourceTree = "<group>"; };
		342DD5D81CB4E8DB000184BC /* TScalarFunction4.hpp */ = {isa = PBXFileReference; fileEncoding = 4; lastKnownFileType = sourcecode.cpp.h; path = TScalarFunction4.hpp; sourceTree = "<group>"; };
		342DD5D91CB4E8DB000184BC /* TAnalysis.cpp */ = {isa = PBXFileReference; fileEncoding = 4; lastKnownFileType = sourcecode.cpp.cpp; path = TAnalysis.cpp; sourceTree = "<group>"; };
		342DD5DA1CB4E8DB000184BC /* TAnalysis.hpp */ = {isa = PBXFileReference; fileEncoding = 4; lastKnownFileType = sourcecode.cpp.h; path = TAnalysis.hpp; sourceTree = "<group>"; };
		342DD5DD1CB4E8DB000184BC /* TCamera.cpp */ = {isa = PBXFileReference; fileEncoding = 4; lastKnownFileType = sourcecode.cpp.cpp; path = TCamera.cpp; sourceTree = "<group>"; };
		342DD5DE1CB4E8DB000184BC /* TCamera.hpp */ = {isa = PBXFileReference; fileEncoding = 4; lastKnownFileType = sourcecode.cpp.h; path = TCamera.hpp; sourceTree = "<group>"; };
		342DD5DF1CB4E8DB000184BC /* TConstantIntensity.cpp */ = {isa = PBXFileReference; fileEncoding = 4; lastKnownFileType = sourcecode.cpp.cpp; path = TConstantIntensity.cpp; sourceTree = "<group>"; };
		342DD5E01CB4E8DB000184BC /* TConstantIntensity.hpp */ = {isa = PBXFileReference; fileEncoding = 4; lastKnownFileType = sourcecode.cpp.h; path = TConstantIntensity.hpp; sourceTree = "<group>"; };
		342DD5E11CB4E8DB000184BC /* TCoordinates.cpp */ = {isa = PBXFileReference; fileEncoding = 4; lastKnownFileType = sourcecode.cpp.cpp; path = TCoordinates.cpp; sourceTree = "<group>"; };
		342DD5E21CB4E8DB000184BC /* TCoordinates.hpp */ = {isa = PBXFileReference; fileEncoding = 4; lastKnownFileType = sourcecode.cpp.h; path = TCoordinates.hpp; sourceTree = "<group>"; };
		342DD5E31CB4E8DB000184BC /* THistogramList.cpp */ = {isa = PBXFileReference; fileEncoding = 4; lastKnownFileType = sourcecode.cpp.cpp; path = THistogramList.cpp; sourceTree = "<group>"; };
		342DD5E41CB4E8DB000184BC /* THistogramList.hpp */ = {isa = PBXFileReference; fileEncoding = 4; lastKnownFileType = sourcecode.cpp.h; path = THistogramList.hpp; sourceTree = "<group>"; };
		342DD5E51CB4E8DB000184BC /* TMirror.cpp */ = {isa = PBXFileReference; fileEncoding = 4; lastKnownFileType = sourcecode.cpp.cpp; path = TMirror.cpp; sourceTree = "<group>"; };
		342DD5E61CB4E8DB000184BC /* TMirror.hpp */ = {isa = PBXFileReference; fileEncoding = 4; lastKnownFileType = sourcecode.cpp.h; path = TMirror.hpp; sourceTree = "<group>"; };
		342DD5E71CB4E8DB000184BC /* TObservatory.cpp */ = {isa = PBXFileReference; fileEncoding = 4; lastKnownFileType = sourcecode.cpp.cpp; path = TObservatory.cpp; sourceTree = "<group>"; };
		342DD5E81CB4E8DB000184BC /* TObservatory.hpp */ = {isa = PBXFileReference; fileEncoding = 4; lastKnownFileType = sourcecode.cpp.h; path = TObservatory.hpp; sourceTree = "<group>"; };
		342DD5E91CB4E8DB000184BC /* TPlane3.cpp */ = {isa = PBXFileReference; fileEncoding = 4; lastKnownFileType = sourcecode.cpp.cpp; path = TPlane3.cpp; sourceTree = "<group>"; };
		342DD5EA1CB4E8DB000184BC /* TPlane3.hpp */ = {isa = PBXFileReference; fileEncoding = 4; lastKnownFileType = sourcecode.cpp.h; path = TPlane3.hpp; sourceTree = "<group>"; };
		342DD5EB1CB4E8DB000184BC /* TRawData.cpp */ = {isa = PBXFileReference; fileEncoding = 4; lastKnownFileType = sourcecode.cpp.cpp; path = TRawData.cpp; sourceTree = "<group>"; };
		342DD5EC1CB4E8DB000184BC /* TRawData.hpp */ = {isa = PBXFileReference; fileEncoding = 4; lastKnownFileType = sourcecode.cpp.h; path = TRawData.hpp; sourceTree = "<group>"; };
		342DD5ED1CB4E8DB000184BC /* TRay.cpp */ = {isa = PBXFileReference; fileEncoding = 4; lastKnownFileType = sourcecode.cpp.cpp; path = TRay.cpp; sourceTree = "<group>"; };
		342DD5EE1CB4E8DB000184BC /* TRay.hpp */ = {isa = PBXFileReference; fileEncoding = 4; lastKnownFileType = sourcecode.cpp.h; path = TRay.hpp; sourceTree = "<group>"; };
		342DD5EF1CB4E8DB000184BC /* TResponseFunction.cpp */ = {isa = PBXFileReference; fileEncoding = 4; lastKnownFileType = sourcecode.cpp.cpp; path = TResponseFunction.cpp; sourceTree = "<group>"; };
		342DD5F01CB4E8DB000184BC /* TResponseFunction.hpp */ = {isa = PBXFileReference; fileEncoding = 4; lastKnownFileType = sourcecode.cpp.h; path = TResponseFunction.hpp; sourceTree = "<group>"; };
		342DD5F11CB4E8DB000184BC /* TSegmentedData.cpp */ = {isa = PBXFileReference; fileEncoding = 4; lastKnownFileType = sourcecode.cpp.cpp; path = TSegmentedData.cpp; sourceTree = "<group>"; };
		342DD5F21CB4E8DB000184BC /* TSegmentedData.hpp */ = {isa = PBXFileReference; fileEncoding = 4; lastKnownFileType = sourcecode.cpp.h; path = TSegmentedData.hpp; sourceTree = "<group>"; };
		342DD5F31CB4E8DB000184BC /* TShower.cpp */ = {isa = PBXFileReference; fileEncoding = 4; lastKnownFileType = sourcecode.cpp.cpp; path = TShower.cpp; sourceTree = "<group>"; };
		342DD5F41CB4E8DB000184BC /* TShower.hpp */ = {isa = PBXFileReference; fileEncoding = 4; lastKnownFileType = sourcecode.cpp.h; path = TShower.hpp; sourceTree = "<group>"; };
		342DD5F51CB4E8DB000184BC /* TSurroundings.cpp */ = {isa = PBXFileReference; fileEncoding = 4; lastKnownFileType = sourcecode.cpp.cpp; path = TSurroundings.cpp; sourceTree = "<group>"; };
		342DD5F61CB4E8DB000184BC /* TSurroundings.hpp */ = {isa = PBXFileReference; fileEncoding = 4; lastKnownFileType = sourcecode.cpp.h; path = TSurroundings.hpp; sourceTree = "<group>"; };
		342DD5F71CB4E8DB000184BC /* TUtility.cpp */ = {isa = PBXFileReference; fileEncoding = 4; lastKnownFileType = sourcecode.cpp.cpp; path = TUtility.cpp; sourceTree = "<group>"; };
		342DD5F81CB4E8DB000184BC /* TUtility.hpp */ = {isa = PBXFileReference; fileEncoding = 4; lastKnownFileType = sourcecode.cpp.h; path = TUtility.hpp; sourceTree = "<group>"; };
		345983881CBEACCF0001612D /* TPoissonDistribution.cpp */ = {isa = PBXFileReference; fileEncoding = 4; lastKnownFileType = sourcecode.cpp.cpp; path = TPoissonDistribution.cpp; sourceTree = "<group>"; };
		345983891CBEACCF0001612D /* TPoissonDistribution.hpp */ = {isa = PBXFileReference; fileEncoding = 4; lastKnownFileType = sourcecode.cpp.h; path = TPoissonDistribution.hpp; sourceTree = "<group>"; };
		34F2EECB1CB60FDF0003A939 /* TPixelData.cpp */ = {isa = PBXFileReference; fileEncoding = 4; lastKnownFileType = sourcecode.cpp.cpp; path = TPixelData.cpp; sourceTree = "<group>"; };
		34F2EECC1CB60FDF0003A939 /* TPixelData.hpp */ = {isa = PBXFileReference; fileEncoding = 4; lastKnownFileType = sourcecode.cpp.h; path = TPixelData.hpp; sourceTree = "<group>"; };
/* End PBXFileReference section */

/* Begin PBXFrameworksBuildPhase section */
		342DD5CA1CB4E814000184BC /* Frameworks */ = {
			isa = PBXFrameworksBuildPhase;
			buildActionMask = 2147483647;
			files = (
			);
			runOnlyForDeploymentPostprocessing = 0;
		};
/* End PBXFrameworksBuildPhase section */

/* Begin PBXGroup section */
		342DD5C41CB4E813000184BC = {
			isa = PBXGroup;
			children = (
				342DD5CF1CB4E814000184BC /* CherenkovSimulator */,
				342DD5CE1CB4E814000184BC /* Products */,
			);
			sourceTree = "<group>";
		};
		342DD5CE1CB4E814000184BC /* Products */ = {
			isa = PBXGroup;
			children = (
				342DD5CD1CB4E814000184BC /* CherenkovSimulator */,
			);
			name = Products;
			sourceTree = "<group>";
		};
		342DD5CF1CB4E814000184BC /* CherenkovSimulator */ = {
			isa = PBXGroup;
			children = (
				342DD5D71CB4E8DB000184BC /* Main.cpp */,
				342DD60A1CB4E935000184BC /* Detector */,
				342DD60D1CB4E974000184BC /* GeometricObjects */,
				342DD60C1CB4E965000184BC /* DataContainers */,
				342DD60B1CB4E943000184BC /* Functors */,
				342DD60E1CB4E9B3000184BC /* Miscellaneous */,
			);
			path = CherenkovSimulator;
			sourceTree = "<group>";
		};
		342DD60A1CB4E935000184BC /* Detector */ = {
			isa = PBXGroup;
			children = (
				342DD5E81CB4E8DB000184BC /* TObservatory.hpp */,
				342DD5E71CB4E8DB000184BC /* TObservatory.cpp */,
				342DD5DE1CB4E8DB000184BC /* TCamera.hpp */,
				342DD5DD1CB4E8DB000184BC /* TCamera.cpp */,
				342DD5E61CB4E8DB000184BC /* TMirror.hpp */,
				342DD5E51CB4E8DB000184BC /* TMirror.cpp */,
				342DD5F61CB4E8DB000184BC /* TSurroundings.hpp */,
				342DD5F51CB4E8DB000184BC /* TSurroundings.cpp */,
				342DD5E21CB4E8DB000184BC /* TCoordinates.hpp */,
				342DD5E11CB4E8DB000184BC /* TCoordinates.cpp */,
			);
			name = Detector;
			sourceTree = "<group>";
		};
		342DD60B1CB4E943000184BC /* Functors */ = {
			isa = PBXGroup;
			children = (
				342DD5D81CB4E8DB000184BC /* TScalarFunction4.hpp */,
				342DD5E01CB4E8DB000184BC /* TConstantIntensity.hpp */,
				342DD5DF1CB4E8DB000184BC /* TConstantIntensity.cpp */,
				342DD5F01CB4E8DB000184BC /* TResponseFunction.hpp */,
				342DD5EF1CB4E8DB000184BC /* TResponseFunction.cpp */,
				345983891CBEACCF0001612D /* TPoissonDistribution.hpp */,
				345983881CBEACCF0001612D /* TPoissonDistribution.cpp */,
			);
			name = Functors;
			sourceTree = "<group>";
		};
		342DD60C1CB4E965000184BC /* DataContainers */ = {
			isa = PBXGroup;
			children = (
				342DD5EC1CB4E8DB000184BC /* TRawData.hpp */,
				342DD5EB1CB4E8DB000184BC /* TRawData.cpp */,
				342DD5F21CB4E8DB000184BC /* TSegmentedData.hpp */,
				342DD5F11CB4E8DB000184BC /* TSegmentedData.cpp */,
				342DD5E41CB4E8DB000184BC /* THistogramList.hpp */,
				342DD5E31CB4E8DB000184BC /* THistogramList.cpp */,
				34F2EECC1CB60FDF0003A939 /* TPixelData.hpp */,
				34F2EECB1CB60FDF0003A939 /* TPixelData.cpp */,
			);
			name = DataContainers;
			sourceTree = "<group>";
		};
		342DD60D1CB4E974000184BC /* GeometricObjects */ = {
			isa = PBXGroup;
			children = (
				342DD5EE1CB4E8DB000184BC /* TRay.hpp */,
				342DD5ED1CB4E8DB000184BC /* TRay.cpp */,
				342DD5F41CB4E8DB000184BC /* TShower.hpp */,
				342DD5F31CB4E8DB000184BC /* TShower.cpp */,
				342DD5EA1CB4E8DB000184BC /* TPlane3.hpp */,
				342DD5E91CB4E8DB000184BC /* TPlane3.cpp */,
			);
			name = GeometricObjects;
			sourceTree = "<group>";
		};
		342DD60E1CB4E9B3000184BC /* Miscellaneous */ = {
			isa = PBXGroup;
			children = (
				342DD5DA1CB4E8DB000184BC /* TAnalysis.hpp */,
				342DD5D91CB4E8DB000184BC /* TAnalysis.cpp */,
				342DD5F81CB4E8DB000184BC /* TUtility.hpp */,
				342DD5F71CB4E8DB000184BC /* TUtility.cpp */,
			);
			name = Miscellaneous;
			sourceTree = "<group>";
		};
/* End PBXGroup section */

/* Begin PBXNativeTarget section */
		342DD5CC1CB4E814000184BC /* CherenkovSimulator */ = {
			isa = PBXNativeTarget;
			buildConfigurationList = 342DD5D41CB4E814000184BC /* Build configuration list for PBXNativeTarget "CherenkovSimulator" */;
			buildPhases = (
				342DD5C91CB4E814000184BC /* Sources */,
				342DD5CA1CB4E814000184BC /* Frameworks */,
				342DD5CB1CB4E814000184BC /* CopyFiles */,
			);
			buildRules = (
			);
			dependencies = (
			);
			name = CherenkovSimulator;
			productName = CherenkovSimulator;
			productReference = 342DD5CD1CB4E814000184BC /* CherenkovSimulator */;
			productType = "com.apple.product-type.tool";
		};
/* End PBXNativeTarget section */

/* Begin PBXProject section */
		342DD5C51CB4E813000184BC /* Project object */ = {
			isa = PBXProject;
			attributes = {
				LastUpgradeCheck = 0730;
				ORGANIZATIONNAME = "Matthew Dutson";
				TargetAttributes = {
					342DD5CC1CB4E814000184BC = {
						CreatedOnToolsVersion = 7.3;
					};
				};
			};
			buildConfigurationList = 342DD5C81CB4E813000184BC /* Build configuration list for PBXProject "CherenkovSimulator" */;
			compatibilityVersion = "Xcode 3.2";
			developmentRegion = English;
			hasScannedForEncodings = 0;
			knownRegions = (
				en,
			);
			mainGroup = 342DD5C41CB4E813000184BC;
			productRefGroup = 342DD5CE1CB4E814000184BC /* Products */;
			projectDirPath = "";
			projectRoot = "";
			targets = (
				342DD5CC1CB4E814000184BC /* CherenkovSimulator */,
			);
		};
/* End PBXProject section */

/* Begin PBXSourcesBuildPhase section */
		342DD5C91CB4E814000184BC /* Sources */ = {
			isa = PBXSourcesBuildPhase;
			buildActionMask = 2147483647;
			files = (
				342DD5FA1CB4E8DB000184BC /* TAnalysis.cpp in Sources */,
				342DD5FC1CB4E8DB000184BC /* TCamera.cpp in Sources */,
				342DD5FE1CB4E8DB000184BC /* TCoordinates.cpp in Sources */,
				342DD6031CB4E8DB000184BC /* TRawData.cpp in Sources */,
				342DD6091CB4E8DB000184BC /* TUtility.cpp in Sources */,
				342DD6001CB4E8DB000184BC /* TMirror.cpp in Sources */,
				34F2EECD1CB60FDF0003A939 /* TPixelData.cpp in Sources */,
				342DD6051CB4E8DB000184BC /* TResponseFunction.cpp in Sources */,
				342DD6011CB4E8DB000184BC /* TObservatory.cpp in Sources */,
				342DD5FD1CB4E8DB000184BC /* TConstantIntensity.cpp in Sources */,
				342DD6081CB4E8DB000184BC /* TSurroundings.cpp in Sources */,
				342DD6071CB4E8DB000184BC /* TShower.cpp in Sources */,
				342DD5F91CB4E8DB000184BC /* Main.cpp in Sources */,
				342DD6041CB4E8DB000184BC /* TRay.cpp in Sources */,
				3459838A1CBEACCF0001612D /* TPoissonDistribution.cpp in Sources */,
				342DD6061CB4E8DB000184BC /* TSegmentedData.cpp in Sources */,
				342DD5FF1CB4E8DB000184BC /* THistogramList.cpp in Sources */,
				342DD6021CB4E8DB000184BC /* TPlane3.cpp in Sources */,
			);
			runOnlyForDeploymentPostprocessing = 0;
		};
/* End PBXSourcesBuildPhase section */

/* Begin XCBuildConfiguration section */
		342DD5D21CB4E814000184BC /* Debug */ = {
			isa = XCBuildConfiguration;
			buildSettings = {
				ALWAYS_SEARCH_USER_PATHS = NO;
				CLANG_ANALYZER_NONNULL = YES;
				CLANG_CXX_LANGUAGE_STANDARD = "gnu++0x";
				CLANG_CXX_LIBRARY = "libc++";
				CLANG_ENABLE_MODULES = YES;
				CLANG_ENABLE_OBJC_ARC = YES;
				CLANG_WARN_BOOL_CONVERSION = YES;
				CLANG_WARN_CONSTANT_CONVERSION = YES;
				CLANG_WARN_DIRECT_OBJC_ISA_USAGE = YES_ERROR;
				CLANG_WARN_EMPTY_BODY = YES;
				CLANG_WARN_ENUM_CONVERSION = YES;
				CLANG_WARN_INT_CONVERSION = YES;
				CLANG_WARN_OBJC_ROOT_CLASS = YES_ERROR;
				CLANG_WARN_UNREACHABLE_CODE = YES;
				CLANG_WARN__DUPLICATE_METHOD_MATCH = YES;
				CODE_SIGN_IDENTITY = "-";
				COPY_PHASE_STRIP = NO;
				DEBUG_INFORMATION_FORMAT = dwarf;
				ENABLE_STRICT_OBJC_MSGSEND = YES;
				ENABLE_TESTABILITY = YES;
				GCC_C_LANGUAGE_STANDARD = gnu99;
				GCC_DYNAMIC_NO_PIC = NO;
				GCC_NO_COMMON_BLOCKS = YES;
				GCC_OPTIMIZATION_LEVEL = 0;
				GCC_PREPROCESSOR_DEFINITIONS = (
					"DEBUG=1",
					"$(inherited)",
				);
				GCC_WARN_64_TO_32_BIT_CONVERSION = YES;
				GCC_WARN_ABOUT_RETURN_TYPE = YES_ERROR;
				GCC_WARN_UNDECLARED_SELECTOR = YES;
				GCC_WARN_UNINITIALIZED_AUTOS = YES_AGGRESSIVE;
				GCC_WARN_UNUSED_FUNCTION = YES;
				GCC_WARN_UNUSED_VARIABLE = YES;
				MACOSX_DEPLOYMENT_TARGET = 10.11;
				MTL_ENABLE_DEBUG_INFO = YES;
				ONLY_ACTIVE_ARCH = YES;
				SDKROOT = macosx;
			};
			name = Debug;
		};
		342DD5D31CB4E814000184BC /* Release */ = {
			isa = XCBuildConfiguration;
			buildSettings = {
				ALWAYS_SEARCH_USER_PATHS = NO;
				CLANG_ANALYZER_NONNULL = YES;
				CLANG_CXX_LANGUAGE_STANDARD = "gnu++0x";
				CLANG_CXX_LIBRARY = "libc++";
				CLANG_ENABLE_MODULES = YES;
				CLANG_ENABLE_OBJC_ARC = YES;
				CLANG_WARN_BOOL_CONVERSION = YES;
				CLANG_WARN_CONSTANT_CONVERSION = YES;
				CLANG_WARN_DIRECT_OBJC_ISA_USAGE = YES_ERROR;
				CLANG_WARN_EMPTY_BODY = YES;
				CLANG_WARN_ENUM_CONVERSION = YES;
				CLANG_WARN_INT_CONVERSION = YES;
				CLANG_WARN_OBJC_ROOT_CLASS = YES_ERROR;
				CLANG_WARN_UNREACHABLE_CODE = YES;
				CLANG_WARN__DUPLICATE_METHOD_MATCH = YES;
				CODE_SIGN_IDENTITY = "-";
				COPY_PHASE_STRIP = NO;
				DEBUG_INFORMATION_FORMAT = "dwarf-with-dsym";
				ENABLE_NS_ASSERTIONS = NO;
				ENABLE_STRICT_OBJC_MSGSEND = YES;
				GCC_C_LANGUAGE_STANDARD = gnu99;
				GCC_NO_COMMON_BLOCKS = YES;
				GCC_WARN_64_TO_32_BIT_CONVERSION = YES;
				GCC_WARN_ABOUT_RETURN_TYPE = YES_ERROR;
				GCC_WARN_UNDECLARED_SELECTOR = YES;
				GCC_WARN_UNINITIALIZED_AUTOS = YES_AGGRESSIVE;
				GCC_WARN_UNUSED_FUNCTION = YES;
				GCC_WARN_UNUSED_VARIABLE = YES;
				MACOSX_DEPLOYMENT_TARGET = 10.11;
				MTL_ENABLE_DEBUG_INFO = NO;
				SDKROOT = macosx;
			};
			name = Release;
		};
		342DD5D51CB4E814000184BC /* Debug */ = {
			isa = XCBuildConfiguration;
			buildSettings = {
				HEADER_SEARCH_PATHS = /usr/local/root/include/root;
				LIBRARY_SEARCH_PATHS = /usr/local/root/lib;
				OTHER_CPLUSPLUSFLAGS = (
					"$(OTHER_CFLAGS)",
					"-pthread",
					"-stdlib=libc++",
					"-std=c++11",
					"-m64",
					"-I/usr/local/root/include/root",
				);
				OTHER_LDFLAGS = (
					"-L/usr/local/root/lib",
					"-lCore",
					"-lRIO",
					"-lNet",
					"-lHist",
					"-lGraf",
					"-lGraf3d",
					"-lGpad",
					"-lTree",
					"-lRint",
					"-lPostscript",
					"-lMatrix",
					"-lPhysics",
					"-lMathCore",
					"-lThread",
					"-lpthread",
					"-stdlib=libc++",
					"-lm",
					"-ldl",
				);
				PRODUCT_NAME = "$(TARGET_NAME)";
			};
			name = Debug;
		};
		342DD5D61CB4E814000184BC /* Release */ = {
			isa = XCBuildConfiguration;
			buildSettings = {
				HEADER_SEARCH_PATHS = /usr/local/root/include/root;
				LIBRARY_SEARCH_PATHS = /usr/local/root/lib;
				OTHER_CPLUSPLUSFLAGS = (
					"$(OTHER_CFLAGS)",
					"-pthread",
					"-stdlib=libc++",
					"-std=c++11",
					"-m64",
					"-I/usr/local/root/include/root",
				);
				OTHER_LDFLAGS = (
					"-L/usr/local/root/lib",
					"-lCore",
					"-lRIO",
					"-lNet",
					"-lHist",
					"-lGraf",
					"-lGraf3d",
					"-lGpad",
					"-lTree",
					"-lRint",
					"-lPostscript",
					"-lMatrix",
					"-lPhysics",
					"-lMathCore",
					"-lThread",
					"-lpthread",
					"-stdlib=libc++",
					"-lm",
					"-ldl",
				);
				PRODUCT_NAME = "$(TARGET_NAME)";
			};
			name = Release;
		};
/* End XCBuildConfiguration section */

/* Begin XCConfigurationList section */
		342DD5C81CB4E813000184BC /* Build configuration list for PBXProject "CherenkovSimulator" */ = {
			isa = XCConfigurationList;
			buildConfigurations = (
				342DD5D21CB4E814000184BC /* Debug */,
				342DD5D31CB4E814000184BC /* Release */,
			);
			defaultConfigurationIsVisible = 0;
			defaultConfigurationName = Release;
		};
		342DD5D41CB4E814000184BC /* Build configuration list for PBXNativeTarget "CherenkovSimulator" */ = {
			isa = XCConfigurationList;
			buildConfigurations = (
				342DD5D51CB4E814000184BC /* Debug */,
				342DD5D61CB4E814000184BC /* Release */,
			);
			defaultConfigurationIsVisible = 0;
			defaultConfigurationName = Release;
		};
/* End XCConfigurationList section */
	};
	rootObject = 342DD5C51CB4E813000184BC /* Project object */;
}
